
Microsoft Visual Studio Solution File, Format Version 12.00
# Visual Studio Version 17
VisualStudioVersion = 17.9.34607.119
MinimumVisualStudioVersion = 10.0.40219.1
Project("{FAE04EC0-301F-11D3-BF4B-00C04F79EFBC}") = "CustomerManagement.API", "CustomerManagement.API\CustomerManagement.API.csproj", "{7C323C36-A818-4ABA-9463-1B81973F76D1}"
EndProject
Project("{FAE04EC0-301F-11D3-BF4B-00C04F79EFBC}") = "CustomerManagement.WebApp", "CustomerManagement.WebApp\CustomerManagement.WebApp.csproj", "{67257E43-13BA-4A35-941D-BF42F2804B93}"
EndProject
Project("{FAE04EC0-301F-11D3-BF4B-00C04F79EFBC}") = "CustomerManagement.Domain", "CustomerManagement.Domain\CustomerManagement.Domain.csproj", "{1966A61B-4285-457B-B45F-CD2E5B2A9912}"
EndProject
Project("{FAE04EC0-301F-11D3-BF4B-00C04F79EFBC}") = "CustomerManagement.Infrastructure", "CustomerManagement.Infrastructure\CustomerManagement.Infrastructure.csproj", "{272029E9-C1E4-40C1-8FC8-C602FC994CA5}"
EndProject
Project("{FAE04EC0-301F-11D3-BF4B-00C04F79EFBC}") = "CustomerManagement.Application", "CustomerManagement.Application\CustomerManagement.Application.csproj", "{138B8141-4FFF-498B-94A0-BEFE506BBA9A}"
EndProject
Global
	GlobalSection(SolutionConfigurationPlatforms) = preSolution
		Debug|Any CPU = Debug|Any CPU
		Release|Any CPU = Release|Any CPU
	EndGlobalSection
	GlobalSection(ProjectConfigurationPlatforms) = postSolution
		{7C323C36-A818-4ABA-9463-1B81973F76D1}.Debug|Any CPU.ActiveCfg = Debug|Any CPU
		{7C323C36-A818-4ABA-9463-1B81973F76D1}.Debug|Any CPU.Build.0 = Debug|Any CPU
		{7C323C36-A818-4ABA-9463-1B81973F76D1}.Release|Any CPU.ActiveCfg = Release|Any CPU
		{7C323C36-A818-4ABA-9463-1B81973F76D1}.Release|Any CPU.Build.0 = Release|Any CPU
		{67257E43-13BA-4A35-941D-BF42F2804B93}.Debug|Any CPU.ActiveCfg = Debug|Any CPU
		{67257E43-13BA-4A35-941D-BF42F2804B93}.Debug|Any CPU.Build.0 = Debug|Any CPU
		{67257E43-13BA-4A35-941D-BF42F2804B93}.Release|Any CPU.ActiveCfg = Release|Any CPU
		{67257E43-13BA-4A35-941D-BF42F2804B93}.Release|Any CPU.Build.0 = Release|Any CPU
		{1966A61B-4285-457B-B45F-CD2E5B2A9912}.Debug|Any CPU.ActiveCfg = Debug|Any CPU
		{1966A61B-4285-457B-B45F-CD2E5B2A9912}.Debug|Any CPU.Build.0 = Debug|Any CPU
		{1966A61B-4285-457B-B45F-CD2E5B2A9912}.Release|Any CPU.ActiveCfg = Release|Any CPU
		{1966A61B-4285-457B-B45F-CD2E5B2A9912}.Release|Any CPU.Build.0 = Release|Any CPU
		{272029E9-C1E4-40C1-8FC8-C602FC994CA5}.Debug|Any CPU.ActiveCfg = Debug|Any CPU
		{272029E9-C1E4-40C1-8FC8-C602FC994CA5}.Debug|Any CPU.Build.0 = Debug|Any CPU
		{272029E9-C1E4-40C1-8FC8-C602FC994CA5}.Release|Any CPU.ActiveCfg = Release|Any CPU
		{272029E9-C1E4-40C1-8FC8-C602FC994CA5}.Release|Any CPU.Build.0 = Release|Any CPU
		{138B8141-4FFF-498B-94A0-BEFE506BBA9A}.Debug|Any CPU.ActiveCfg = Debug|Any CPU
		{138B8141-4FFF-498B-94A0-BEFE506BBA9A}.Debug|Any CPU.Build.0 = Debug|Any CPU
		{138B8141-4FFF-498B-94A0-BEFE506BBA9A}.Release|Any CPU.ActiveCfg = Release|Any CPU
		{138B8141-4FFF-498B-94A0-BEFE506BBA9A}.Release|Any CPU.Build.0 = Release|Any CPU
	EndGlobalSection
	GlobalSection(SolutionProperties) = preSolution
		HideSolutionNode = FALSE
	EndGlobalSection
	GlobalSection(ExtensibilityGlobals) = postSolution
		SolutionGuid = {255C2922-95CF-48FD-9F9F-3E2A6412C400}
	EndGlobalSection
EndGlobal
